bitbucket.org/bertimus9/systemstat v0.5.0/go.mod h1:EkUWPp8lKFPMXP8vnbpT5JDI0W/sTiLZAvN8ONWErHY=
cloud.google.com/go/compute v1.19.1/go.mod h1:6ylj3a05WF8leseCdIf77NK0g1ey+nj5IKd5/kvShxE=
cloud.google.com/go/compute/metadata v0.2.3/go.mod h1:VAV5nSsACxMJvgaAuX6Pk2AawlZn8kiOGuCv6gTkwuA=
github.com/Azure/azure-sdk-for-go v55.0.0+incompatible/go.mod h1:9XXNKU+eRnpl9moKnB4QOLf1HestfXbmab5FXxiDBjc=
github.com/Azure/go-ansiterm v0.0.0-20210617225240-d185dfc1b5a1/go.mod h1:xomTg63KZ2rFqZQzSB4Vz2SUXa1BpHTVz9L5PTmPC4E=
github.com/Azure/go-autorest v14.2.0+incompatible/go.mod h1:r+4oMnoxhatjLLJ6zxSWATqVooLgysK6ZNox3g/xq24=
github.com/Azure/go-autorest/autorest v0.11.27/go.mod h1:7l8ybrIdUmGqZMTD0sRtAr8NvbHjfofbf8RSP2q7w7U=
github.com/Azure/go-autorest/autorest/adal v0.9.20/go.mod h1:XVVeme+LZwABT8K5Lc3hA4nAe8LDBVle26gTrguhhPQ=
github.com/Azure/go-autorest/autorest/date v0.3.0/go.mod h1:BI0uouVdmngYNUzGWeSYnokU+TrmwEsOqdt8Y6sso74=
github.com/Azure/go-autorest/autorest/mocks v0.4.2/go.mod h1:Vy7OitM9Kei0i1Oj+LvyAWMXJHeKH1MVlzFugfVrmyU=
github.com/Azure/go-autorest/autorest/to v0.4.0/go.mod h1:fE8iZBn7LQR7zH/9XU2NcPR4o9jEImooCeWJcYV/zLE=
github.com/Azure/go-autorest/autorest/validation v0.1.0/go.mod h1:Ha3z/SqBeaalWQvokg3NZAlQTalVMtOIAs1aGK7G6u8=
github.com/Azure/go-autorest/logger v0.2.1/go.mod h1:T9E3cAhj2VqvPOtCYAvby9aBXkZmbF5NWuPV8+WeEW8=
github.com/Azure/go-autorest/tracing v0.6.0/go.mod h1:+vhtPC754Xsa23ID7GlGsrdKBpUA79WCAKPPZVC2DeU=
github.com/Azure/go-ntlmssp v0.0.0-20211209120228-48547f28849e/go.mod h1:chxPXzSsl7ZWRAuOIE23GDNzjWuZquvFlgA8xmpunjU=
github.com/GoogleCloudPlatform/k8s-cloud-provider v1.18.1-0.20220218231025-f11817397a1b/go.mod h1:FNj4KYEAAHfYu68kRYolGoxkaJn+6mdEsaM12VTwuI0=
github.com/JeffAshton/win_pdh v0.0.0-20161109143554-76bb4ee9f0ab/go.mod h1:3VYc5hodBMJ5+l/7J4xAyMeuM2PNuepvHlGs8yilUCA=
github.com/MakeNowJust/heredoc v1.0.0/go.mod h1:mG5amYoWBHf8vpLOuehzbGGw0EHxpZZ6lCpQ4fNJ8LE=
github.com/Microsoft/go-winio v0.4.17/go.mod h1:JPGBdM1cNvN/6ISo+n8V5iA4v8pBzdOpzfwIujj1a84=
github.com/Microsoft/hcsshim v0.8.22/go.mod h1:91uVCVzvX2QD16sMCenoxxXo6L1wJnLMX2PSufFMtF0=
github.com/NYTimes/gziphandler v1.1.1/go.mod h1:n/CVRwUEOgIxrgPvAQhUUr9oeUtvrhMomdKFjzJNB0c=
github.com/antlr/antlr4/runtime/Go/antlr v1.4.10/go.mod h1:F7bn7fEU90QkQ3tnmaTx3LTKLEDqnwWODIYppRQ5hnY=
github.com/armon/circbuf v0.0.0-20150827004946-bbbad097214e/go.mod h1:3U/XgcO3hCbHZ8TKRvWD2dDTCfh9M9ya+I9JpbB7O8o=
github.com/armon/go-socks5 v0.0.0-20160902184237-e75332964ef5/go.mod h1:wHh0iHkYZB8zMSxRWpUBQtwG5a7fFgvEO+odwuTv2gs=
github.com/asaskevich/govalidator v0.0.0-20190424111038-f61b66f89f4a/go.mod h1:lB+ZfQJz7igIIfQNfa7Ml4HSf2uFQQRzpGGRXenZAgY=
github.com/aws/aws-sdk-go v1.44.116/go.mod h1:y4AeaBuwd2Lk+GepC1E9v0qOiTws0MIWAX4oIKwKHZo=
github.com/beorn7/perks v1.0.1/go.mod h1:G2ZrVWU2WbWT9wwq4/hrbKbnv/1ERSJQ0ibhJ6rlkpw=
github.com/blang/semver v3.5.1+incompatible/go.mod h1:kRBLl5iJ+tD4TcOOxsy/0fnwebNt5EWlYSAyrTnjyyk=
github.com/blang/semver/v4 v4.0.0/go.mod h1:IbckMUScFkM3pff0VJDNKRiT6TG/YpiHIM2yvyW5YoQ=
github.com/cenkalti/backoff/v4 v4.1.3/go.mod h1:scbssz8iZGpm3xbr14ovlUdkxfGXNInqkPWOWmG2CLw=
github.com/cespare/xxhash/v2 v2.2.0/go.mod h1:VGX0DQ3Q6kWi7AoAeZDth3/j3BFtOZR5XLFGgcrjCOs=
github.com/chai2010/gettext-go v1.0.2/go.mod h1:y+wnP2cHYaVj19NZhYKAwEMH2CI1gNHeQQ+5AjwawxA=
github.com/checkpoint-restore/go-criu/v5 v5.3.0/go.mod h1:E/eQpaFtUKGOOSEBZgmKAcn+zUUwWxqcaKZlF54wK8E=
github.com/cilium/ebpf v0.7.0/go.mod h1:/oI2+1shJiTGAMgl6/RgJr36Eo1jzrRcAWbcXO2usCA=
github.com/container-storage-interface/spec v1.7.0/go.mod h1:JYuzLqr9VVNoDJl44xp/8fmCOvWPDKzuGTwCoklhuqk=
github.com/containerd/cgroups v1.0.1/go.mod h1:0SJrPIenamHDcZhEcJMNBB85rHcUsw4f25ZfBiPYRkU=
github.com/containerd/console v1.0.3/go.mod h1:7LqA/THxQ86k76b8c/EMSiaJ3h1eZkMkXar0TQ1gf3U=
github.com/containerd/ttrpc v1.1.0/go.mod h1:XX4ZTnoOId4HklF4edwc4DcqskFZuvXB1Evzy5KFQpQ=
github.com/coredns/caddy v1.1.0/go.mod h1:A6ntJQlAWuQfFlsd9hvigKbo2WS0VUs2l1e2F+BawD4=
github.com/coredns/corefile-migration v1.0.17/go.mod h1:XnhgULOEouimnzgn0t4WPuFDN2/PJQcTxdWKC5eXNGE=
github.com/coreos/go-oidc v2.1.0+incompatible/go.mod h1:CgnwVTmzoESiwO9qyAFEMiHoZ1nMCKZlZ9V6mm3/LKc=
github.com/coreos/go-semver v0.3.0/go.mod h1:nnelYz7RCh+5ahJtPPxZlU+153eP4D4r3EedlOD2RNk=
github.com/coreos/go-systemd/v22 v22.3.2/go.mod h1:Y58oyj3AT4RCenI/lSvhwexgC+NSVTIJ3seZv2GcEnc=
github.com/cpuguy83/go-md2man/v2 v2.0.2/go.mod h1:tgQtvFlXSQOSOSIRvRPT7W67SCa46tRHOmNcaadrF8o=
github.com/creack/pty v1.1.9/go.mod h1:oKZEueFk5CKHvIhNR5MUki03XCEU+Q6VDXinZuGJ33E=
github.com/cyphar/filepath-securejoin v0.2.4/go.mod h1:aPGpWjXOXUn2NCNjFvBE6aRxGGx79pTxQpKOJNYHHl4=
github.com/davecgh/go-spew v1.1.0/go.mod h1:J7Y8YcW2NihsgmVo/mv3lAwl/skON4iLHjSsI+c5H38=
github.com/davecgh/go-spew v1.1.1 h1:vj9j/u1bqnvCEfJOwUhtlOARqs3+rkHYY13jYWTU97c=
github.com/davecgh/go-spew v1.1.1/go.mod h1:J7Y8YcW2NihsgmVo/mv3lAwl/skON4iLHjSsI+c5H38=
github.com/daviddengcn/go-colortext v1.0.0/go.mod h1:zDqEI5NVUop5QPpVJUxE9UO10hRnmkD5G4Pmri9+m4c=
github.com/docker/distribution v2.8.1+incompatible/go.mod h1:J2gT2udsDAN96Uj4KfcMRqY0/ypR+oyYUYmja8H+y+w=
github.com/docker/go-units v0.5.0/go.mod h1:fgPhTUdO+D/Jk86RDLlptpiXQzgHJF7gydDDbaIK4Dk=
github.com/dustin/go-humanize v1.0.0/go.mod h1:HtrtbFcZ19U5GC7JDqmcUSB87Iq5E25KnS6fMYU6eOk=
github.com/elazarl/goproxy v0.0.0-20180725130230-947c36da3153/go.mod h1:/Zj4wYkgs4iZTTu3o/KG3Itv/qCCa8VVMlb3i9OVuzc=
github.com/emicklei/go-restful/v3 v3.9.0/go.mod h1:6n3XBCmQQb25CM2LCACGz8ukIrRry+4bhvbpWn3mrbc=
github.com/euank/go-kmsg-parser v2.0.0+incompatible/go.mod h1:MhmAMZ8V4CYH4ybgdRwPr2TU5ThnS43puaKEMpja1uw=
github.com/evanphx/json-patch v4.12.0+incompatible/go.mod h1:50XU6AFN0ol/bzJsmQLiYLvXMP4fmwYFNcr97nuDLSk=
github.com/exponent-io/jsonpath v0.0.0-20151013193312-d6023ce2651d/go.mod h1:ZZMPRZwes7CROmyNKgQzC3XPs6L/G2EJLHddWejkmf4=
github.com/fatih/camelcase v1.0.0/go.mod h1:yN2Sb0lFhZJUdVvtELVWefmrXpuZESvPmqwoZc+/fpc=
github.com/felixge/httpsnoop v1.0.3/go.mod h1:m8KPJKqk1gH5J9DgRY2ASl2lWCfGKXixSwevea8zH2U=
github.com/form3tech-oss/jwt-go v3.2.3+incompatible/go.mod h1:pbq4aXjuKjdthFRnoDwaVPLA+WlJuPGy+QneDUgJi2k=
github.com/fsnotify/fsnotify v1.6.0/go.mod h1:sl3t1tCWJFWoRz9R8WJCbQihKKwmorjAbSClcnxKAGw=
github.com/fvbommel/sortorder v1.0.1/go.mod h1:uk88iVf1ovNn1iLfgUVU2F9o5eO30ui720w+kxuqRs0=
github.com/go-asn1-ber/asn1-ber v1.5.4/go.mod h1:hEBeB/ic+5LoWskz+yKT7vGhhPYkProFKoKdwZRWMe0=
github.com/go-errors/errors v1.0.1/go.mod h1:f4zRHt4oKfwPJE5k8C9vpYG+aDHdBFUsgrm6/TyX73Q=
github.com/go-ldap/ldap/v3 v3.4.3/go.mod h1:7LdHfVt6iIOESVEe3Bs4Jp2sHEKgDeduAhgM1/f9qmo=
github.com/go-logr/logr v1.2.0/go.mod h1:jdQByPbusPIv2/zmleS9BjJVeZ6kBagPoEUsqbVz/1A=
github.com/go-logr/logr v1.2.3 h1:2DntVwHkVopvECVRSlL5PSo9eG+cAkDCuckLubN+rq0=
github.com/go-logr/logr v1.2.3/go.mod h1:jdQByPbusPIv2/zmleS9BjJVeZ6kBagPoEUsqbVz/1A=
github.com/go-logr/stdr v1.2.2/go.mod h1:mMo/vtBO5dYbehREoey6XUKy/eSumjCCveDpRre4VKE=
github.com/go-logr/zapr v1.2.3/go.mod h1:eIauM6P8qSvTw5o2ez6UEAfGjQKrxQTl5EoK+Qa2oG4=
github.com/go-openapi/jsonpointer v0.19.5/go.mod h1:Pl9vOtqEWErmShwVjC8pYs9cog34VGT37dQOVbmoatg=
github.com/go-openapi/jsonreference v0.20.0/go.mod h1:Ag74Ico3lPc+zR+qjn4XBUmXymS4zJbYVCZmcgkasdo=
github.com/go-openapi/swag v0.19.14/go.mod h1:QYRuS/SOXUCsnplDa677K7+DxSOj6IPNl/eQntq43wQ=
github.com/go-task/slim-sprig v0.0.0-20210107165309-348f09dbbbc0/go.mod h1:fyg7847qk6SyHyPtNmDHnmrv/HOrqktSC+C9fM+CJOE=
github.com/godbus/dbus/v5 v5.0.6/go.mod h1:xhWf0FNVPg57R7Z0UbKHbJfkEywrmjJnf7w5xrFpKfA=
github.com/gofrs/uuid v4.0.0+incompatible/go.mod h1:b2aQJv3Z4Fp6yNu3cdSllBxTCLRxnplIgP/c0N/04lM=
github.com/gogo/protobuf v1.3.2 h1:Ov1cvc58UF3b5XjBnZv7+opcTcQFZebYjWzi34vdm4Q=
github.com/gogo/protobuf v1.3.2/go.mod h1:P1XiOD3dCwIKUDQYPy72D8LYyHL2YPYrpS2s69NZV8Q=
github.com/golang/protobuf v1.5.4/go.mod h1:lnTiLA8Wa4RWRcIUkrtSVa5nRhsEGBg48fD6rSs7xps=
github.com/google/go-cmp v0.5.9/go.mod h1:17dUlkBOakJ0+DkrSSNjCkIjxS6bF9zb3elmeNGIjoY=
github.com/google/gofuzz v1.0.0/go.mod h1:dBl0BpW6vV/+mYPU4Po3pmUjxk6FQPldtuIdl/M65Eg=
github.com/google/gofuzz v1.2.0/go.mod h1:dBl0BpW6vV/+mYPU4Po3pmUjxk6FQPldtuIdl/M65Eg=
github.com/json-iterator/go v1.1.12/go.mod h1:e30LSqwooZae/UwlEbR2852Gd8hjQvJoHmT4TnhNGBo=
github.com/kisielk/errcheck v1.5.0/go.mod h1:pFxgyoBC7bSaBwPgfKdkLd5X25qrDl4LWUI2bnpBCr8=
github.com/kisielk/gotool v1.0.0/go.mod h1:XhKaO+MFFWcvkIS/tQcRk01m1F5IRFswLeQ+oQHNcck=
github.com/kr/pty v1.1.1/go.mod h1:pFQYn66WHrOpPYNljwOMqo10TkYh1fy3cYio2l3bCsQ=
github.com/kr/text v0.1.0/go.mod h1:4Jbv+DJW3UT/LiOwJeYQe1efqtUx/iVham/4vfdArNI=
github.com/kr/text v0.2.0/go.mod h1:eLer722TekiGuMkidMxC/pM04lWEeraHUUmBw8l2grE=
github.com/modern-go/concurrent v0.0.0-20180228061459-e0a39a4cb421/go.mod h1:6dJC0mAP4ikYIbvyc7fijjWJddQyLn8Ig3JB5CqoB9Q=
github.com/modern-go/concurrent v0.0.0-20180306012644-bacd9c7ef1dd/go.mod h1:6dJC0mAP4ikYIbvyc7fijjWJddQyLn8Ig3JB5CqoB9Q=
github.com/modern-go/reflect2 v1.0.2/go.mod h1:yWuevngMOJpCy52FWWMvUC8ws7m/LJsjYzDa0/r8luk=
github.com/niemeyer/pretty v0.0.0-20200227124842-a10e7caefd8e/go.mod h1:zD1mROLANZcx1PVRCS0qkT7pwLkGfwJo4zjcN/Tysno=
github.com/openshift-priv/golang-net v0.0.0-20240328080036-60d0f00ca866/go.mod h1:NxSsAGuq816PNPmqtQdLE42eU2Fs7NoRIZrHJAlaCOE=
github.com/pmezard/go-difflib v1.0.0/go.mod h1:iKH77koFhYxTK1pcRnkKkqfTogsbg7gZNVY4sRDYZ/4=
github.com/spf13/pflag v1.0.5/go.mod h1:McXfInJRrz4CZXVZOBLb0bTZqETkiAhM9Iw0y3An2Bg=
github.com/stretchr/objx v0.1.0/go.mod h1:HFkY916IF+rwdDfMAkV7OtwuqBVzrE8GR6GFx+wExME=
github.com/stretchr/objx v0.4.0/go.mod h1:YvHI0jy2hoMjB+UWwv71VJQ9isScKT/TqJzVSSt89Yw=
github.com/stretchr/objx v0.5.0/go.mod h1:Yh+to48EsGEfYuaHDzXPcE3xhTkx73EhmCGUpEOglKo=
github.com/stretchr/testify v1.3.0/go.mod h1:M5WIy9Dh21IEIfnGCwXGc5bZfKNJtfHm1UVUgZn+9EI=
github.com/stretchr/testify v1.7.1/go.mod h1:6Fq8oRcR53rry900zMqJjRRixrwX3KX962/h/Wwjteg=
github.com/stretchr/testify v1.8.0/go.mod h1:yNjHg4UonilssWZ8iaSj1OCr/vHnekPRkoO+kdMU+MU=
github.com/stretchr/testify v1.8.1/go.mod h1:w2LPCIKwWwSfY2zedu0+kehJoqGctiVI29o6fzry7u4=
github.com/yuin/goldmark v1.1.27/go.mod h1:3hX8gzYuyVAZsxl0MRgGTJEmQBFcNTphYh9decYSb74=
github.com/yuin/goldmark v1.2.1/go.mod h1:3hX8gzYuyVAZsxl0MRgGTJEmQBFcNTphYh9decYSb74=
github.com/yuin/goldmark v1.4.13/go.mod h1:6yULJ656Px+3vBD8DxQVa3kxgyrAnzto9xy5taEt/CY=
golang.org/x/crypto v0.0.0-20191011191535-87dc89f01550/go.mod h1:yigFU9vqHzYiE8UmvKecakEJjdnWj3jj499lnFckfCI=
golang.org/x/crypto v0.0.0-20210921155107-089bfa567519/go.mod h1:GvvjBRRGRdwPK5ydBHafDWAxML/pGHZbMvKqRZ5+Abc=
golang.org/x/crypto v0.14.0/go.mod h1:MVFd36DqK4CsrnJYDkBA3VC4m2GkXAM0PvzMCn4JQf4=
golang.org/x/mod v0.2.0/go.mod h1:s0Qsj1ACt9ePp/hMypM3fl4fZqREWJwdYDEqhRiZZUA=
golang.org/x/mod v0.3.0/go.mod h1:s0Qsj1ACt9ePp/hMypM3fl4fZqREWJwdYDEqhRiZZUA=
golang.org/x/mod v0.6.0-dev.0.20220419223038-86c51ed26bb4/go.mod h1:jJ57K6gSWd91VN4djpZkiMVwK6gcyfeH4XE8wZrZaV4=
golang.org/x/mod v0.8.0/go.mod h1:iBbtSCu2XBx23ZKBPSOrRkjjQPZFPuis4dIYUhu/chs=
golang.org/x/sync v0.0.0-20190423024810-112230192c58/go.mod h1:RxMgew5VJxzue5/jJTE5uejpjVlOe/izrB70Jof72aM=
golang.org/x/sync v0.0.0-20190911185100-cd5d95a43a6e/go.mod h1:RxMgew5VJxzue5/jJTE5uejpjVlOe/izrB70Jof72aM=
golang.org/x/sync v0.0.0-20201020160332-67f06af15bc9/go.mod h1:RxMgew5VJxzue5/jJTE5uejpjVlOe/izrB70Jof72aM=
golang.org/x/sync v0.0.0-20220722155255-886fb9371eb4/go.mod h1:RxMgew5VJxzue5/jJTE5uejpjVlOe/izrB70Jof72aM=
golang.org/x/sync v0.1.0/go.mod h1:RxMgew5VJxzue5/jJTE5uejpjVlOe/izrB70Jof72aM=
golang.org/x/sys v0.0.0-20190412213103-97732733099d/go.mod h1:h1NjWce9XRLGQEsW7wpKNCjG9DtNlClVuFLEZdDNbEs=
golang.org/x/sys v0.0.0-20201119102817-f84b799fce68/go.mod h1:h1NjWce9XRLGQEsW7wpKNCjG9DtNlClVuFLEZdDNbEs=
golang.org/x/sys v0.0.0-20210615035016-665e8c7367d1/go.mod h1:oPkhp1MJrh7nUepCBck5+mAzfO9JrbApNNgaTdGDITg=
golang.org/x/sys v0.0.0-20220722155257-8c9f86f7a55f/go.mod h1:oPkhp1MJrh7nUepCBck5+mAzfO9JrbApNNgaTdGDITg=
golang.org/x/sys v0.5.0/go.mod h1:oPkhp1MJrh7nUepCBck5+mAzfO9JrbApNNgaTdGDITg=
golang.org/x/sys v0.13.0/go.mod h1:oPkhp1MJrh7nUepCBck5+mAzfO9JrbApNNgaTdGDITg=
golang.org/x/term v0.0.0-20201126162022-7de9c90e9dd1/go.mod h1:bj7SfCRtBDWHUb9snDiAeCFNEtKQo2Wmx5Cou7ajbmo=
golang.org/x/term v0.13.0/go.mod h1:LTmsnFJwVN6bCy1rVCoS+qHT1HhALEFxKncY3WNNh4U=
golang.org/x/text v0.3.3/go.mod h1:5Zoc/QRtKVWzQhOtBMvqHzDpF6irO9z98xDceosuGiQ=
golang.org/x/text v0.3.7/go.mod h1:u+2+/6zg+i71rQMx5EYifcz6MCKuco9NR6JIITiCfzQ=
golang.org/x/text v0.13.0/go.mod h1:TvPlkZtksWOMsz7fbANvkp4WM8x/WCo/om8BMLbz+aE=
golang.org/x/tools v0.0.0-20180917221912-90fa682c2a6e/go.mod h1:n7NCudcB/nEzxVGmLbDWY5pfWTLqBcC2KZ6jyYvM4mQ=
golang.org/x/tools v0.0.0-20191119224855-298f0cb1881e/go.mod h1:b+2E5dAYhXwXZwtnZ6UAqBI28+e2cm9otk0dWdXHAEo=
golang.org/x/tools v0.0.0-20200619180055-7c47624df98f/go.mod h1:EkVYQZoAsY45+roYkvgYkIh4xh/qjgUK9TdY2XT94GE=
golang.org/x/tools v0.0.0-20210106214847-113979e3529a/go.mod h1:emZCQorbCU4vsT4fOWvOPXz4eW1wZW4PmDk9uLelYpA=
golang.org/x/tools v0.1.12/go.mod h1:hNGJHUnrk76NpqgfD5Aqm5Crs+Hm0VOH/i9J2+nxYbc=
golang.org/x/tools v0.6.0/go.mod h1:Xwgl3UAJ/d3gWutnCtw505GrjyAbvKui8lOU390QaIU=
golang.org/x/xerrors v0.0.0-20190717185122-a985d3407aa7/go.mod h1:I/5z698sn9Ka8TeJc9MKroUUfqBBauWjQqLJ2OPfmY0=
golang.org/x/xerrors v0.0.0-20191011141410-1b5146add898/go.mod h1:I/5z698sn9Ka8TeJc9MKroUUfqBBauWjQqLJ2OPfmY0=
golang.org/x/xerrors v0.0.0-20191204190536-9bdfabe68543/go.mod h1:I/5z698sn9Ka8TeJc9MKroUUfqBBauWjQqLJ2OPfmY0=
golang.org/x/xerrors v0.0.0-20200804184101-5ec99f83aff1/go.mod h1:I/5z698sn9Ka8TeJc9MKroUUfqBBauWjQqLJ2OPfmY0=
google.golang.org/protobuf v1.33.0/go.mod h1:c6P6GXX6sHbq/GpV6MGZEdwhWPcYBgnhAHhKbcUYpos=
gopkg.in/check.v1 v0.0.0-20161208181325-20d25e280405/go.mod h1:Co6ibVJAznAaIkqp8huTwlJQCZ016jof/cbN4VW5Yz0=
gopkg.in/inf.v0 v0.9.1/go.mod h1:cWUDdTG/fYaXco+Dcufb5Vnc6Gp2YChqWtbxRZE0mXw=
gopkg.in/yaml.v2 v2.2.8/go.mod h1:hI93XBmqTisBFMUTm0b8Fm+jr3Dg1NNxqwp+5A1VGuI=
gopkg.in/yaml.v2 v2.4.0/go.mod h1:RDklbk79AGWmwhnvt/jBztapEOGDOx6ZbXqjP6csGnQ=
gopkg.in/yaml.v3 v3.0.0-20200313102051-9f266ea9e77c/go.mod h1:K4uyk7z7BCEPqu6E+C64Yfv1cQ7kz7rIZviUmN+EgEM=
gopkg.in/yaml.v3 v3.0.1/go.mod h1:K4uyk7z7BCEPqu6E+C64Yfv1cQ7kz7rIZviUmN+EgEM=
k8s.io/klog/v2 v2.80.1/go.mod h1:y1WjHnz7Dj687irZUWR/WLkLc5N1YHtjLdmgWjndZn0=
k8s.io/utils v0.0.0-20221107191617-1a15be271d1d/go.mod h1:OLgZIPagt7ERELqWJFomSt595RzquPNLL48iOWgYOg0=
sigs.k8s.io/json v0.0.0-20220713155537-f223a00ba0e2/go.mod h1:B8JuhiUyNFVKdsE8h686QcCxMaH6HrOAZj4vswFpcB0=
sigs.k8s.io/structured-merge-diff/v4 v4.2.3/go.mod h1:qjx8mGObPmV2aSZepjQjbmb2ihdVs8cGKBraizNC69E=
sigs.k8s.io/yaml v1.3.0/go.mod h1:GeOyir5tyXNByN85N/dRIT9es5UQNerPYEKK56eTBm8=
